
Microsoft Visual Studio Solution File, Format Version 12.00
# Visual Studio Version 17
VisualStudioVersion = 17.7.34031.279
MinimumVisualStudioVersion = 10.0.40219.1
Project("{FAE04EC0-301F-11D3-BF4B-00C04F79EFBC}") = "HeatBladeWarmthBZ", "HeatBladeWarmthBZ\HeatBladeWarmthBZ.csproj", "{76E79EF2-0AE9-43C4-B38E-509DFB8930A2}"
EndProject
Project("{FAE04EC0-301F-11D3-BF4B-00C04F79EFBC}") = "IslandSpawn", "IslandSpawn\IslandSpawn.csproj", "{5593BCAE-1048-4BA4-9CC2-6A3686A55EBD}"
EndProject
Project("{FAE04EC0-301F-11D3-BF4B-00C04F79EFBC}") = "ImprovedCragfield", "ImprovedCragfield\ImprovedCragfield.csproj", "{0FB70E69-C118-4563-93C1-986465C610F8}"
EndProject
Global
	GlobalSection(SolutionConfigurationPlatforms) = preSolution
		Debug|Any CPU = Debug|Any CPU
		Release|Any CPU = Release|Any CPU
	EndGlobalSection
	GlobalSection(ProjectConfigurationPlatforms) = postSolution
		{76E79EF2-0AE9-43C4-B38E-509DFB8930A2}.Debug|Any CPU.ActiveCfg = Debug|Any CPU
		{76E79EF2-0AE9-43C4-B38E-509DFB8930A2}.Debug|Any CPU.Build.0 = Debug|Any CPU
		{76E79EF2-0AE9-43C4-B38E-509DFB8930A2}.Release|Any CPU.ActiveCfg = Release|Any CPU
		{76E79EF2-0AE9-43C4-B38E-509DFB8930A2}.Release|Any CPU.Build.0 = Release|Any CPU
		{5593BCAE-1048-4BA4-9CC2-6A3686A55EBD}.Debug|Any CPU.ActiveCfg = Debug|Any CPU
		{5593BCAE-1048-4BA4-9CC2-6A3686A55EBD}.Debug|Any CPU.Build.0 = Debug|Any CPU
		{5593BCAE-1048-4BA4-9CC2-6A3686A55EBD}.Release|Any CPU.ActiveCfg = Release|Any CPU
		{5593BCAE-1048-4BA4-9CC2-6A3686A55EBD}.Release|Any CPU.Build.0 = Release|Any CPU
		{0FB70E69-C118-4563-93C1-986465C610F8}.Debug|Any CPU.ActiveCfg = Debug|Any CPU
		{0FB70E69-C118-4563-93C1-986465C610F8}.Debug|Any CPU.Build.0 = Debug|Any CPU
		{0FB70E69-C118-4563-93C1-986465C610F8}.Release|Any CPU.ActiveCfg = Release|Any CPU
		{0FB70E69-C118-4563-93C1-986465C610F8}.Release|Any CPU.Build.0 = Release|Any CPU
	EndGlobalSection
	GlobalSection(SolutionProperties) = preSolution
		HideSolutionNode = FALSE
	EndGlobalSection
	GlobalSection(ExtensibilityGlobals) = postSolution
		SolutionGuid = {54A0E99C-AC9E-42E7-8930-AD28394FAD0D}
	EndGlobalSection
EndGlobal
